// !$*UTF8*$!
{
	archiveVersion = 1;
	classes = {
	};
	objectVersion = 46;
	objects = {

/* Begin PBXBuildFile section */
		A6268B231F66210D0043C77B /* allArea.json in Resources */ = {isa = PBXBuildFile; fileRef = A6268B221F66210D0043C77B /* allArea.json */; };
		A6268B261F6621230043C77B /* BXHProModel.m in Sources */ = {isa = PBXBuildFile; fileRef = A6268B251F6621230043C77B /* BXHProModel.m */; };
		A6268B291F6621300043C77B /* BXHCityModel.m in Sources */ = {isa = PBXBuildFile; fileRef = A6268B281F6621300043C77B /* BXHCityModel.m */; };
		A6268B2C1F6621400043C77B /* BXHAreaModel.m in Sources */ = {isa = PBXBuildFile; fileRef = A6268B2B1F6621400043C77B /* BXHAreaModel.m */; };
		A67ECBE81FD8D367002220C5 /* BXHAreaSubModel.m in Sources */ = {isa = PBXBuildFile; fileRef = A67ECBE71FD8D367002220C5 /* BXHAreaSubModel.m */; };
		A680F40D1F60E04C007FC363 /* main.m in Sources */ = {isa = PBXBuildFile; fileRef = A680F40C1F60E04C007FC363 /* main.m */; };
		A680F4101F60E04C007FC363 /* AppDelegate.m in Sources */ = {isa = PBXBuildFile; fileRef = A680F40F1F60E04C007FC363 /* AppDelegate.m */; };
		A680F4131F60E04C007FC363 /* ViewController.m in Sources */ = {isa = PBXBuildFile; fileRef = A680F4121F60E04C007FC363 /* ViewController.m */; };
		A680F4161F60E04C007FC363 /* Main.storyboard in Resources */ = {isa = PBXBuildFile; fileRef = A680F4141F60E04C007FC363 /* Main.storyboard */; };
		A680F4181F60E04C007FC363 /* Assets.xcassets in Resources */ = {isa = PBXBuildFile; fileRef = A680F4171F60E04C007FC363 /* Assets.xcassets */; };
		A680F41B1F60E04C007FC363 /* LaunchScreen.storyboard in Resources */ = {isa = PBXBuildFile; fileRef = A680F4191F60E04C007FC363 /* LaunchScreen.storyboard */; };
		A680F4251F60E09C007FC363 /* NSObject+BXHJsonSerialize.m in Sources */ = {isa = PBXBuildFile; fileRef = A680F4241F60E09C007FC363 /* NSObject+BXHJsonSerialize.m */; };
		A680F42B1F61181A007FC363 /* BXHClassInfo.m in Sources */ = {isa = PBXBuildFile; fileRef = A680F42A1F61181A007FC363 /* BXHClassInfo.m */; };
		A69531DC1F62352200932C09 /* BXHTempModel.m in Sources */ = {isa = PBXBuildFile; fileRef = A69531DB1F62352200932C09 /* BXHTempModel.m */; };
/* End PBXBuildFile section */

/* Begin PBXFileReference section */
		A6268B221F66210D0043C77B /* allArea.json */ = {isa = PBXFileReference; fileEncoding = 4; lastKnownFileType = text.json; path = allArea.json; sourceTree = "<group>"; };
		A6268B241F6621230043C77B /* BXHProModel.h */ = {isa = PBXFileReference; fileEncoding = 4; lastKnownFileType = sourcecode.c.h; path = BXHProModel.h; sourceTree = "<group>"; };
		A6268B251F6621230043C77B /* BXHProModel.m */ = {isa = PBXFileReference; fileEncoding = 4; lastKnownFileType = sourcecode.c.objc; path = BXHProModel.m; sourceTree = "<group>"; };
		A6268B271F6621300043C77B /* BXHCityModel.h */ = {isa = PBXFileReference; fileEncoding = 4; lastKnownFileType = sourcecode.c.h; path = BXHCityModel.h; sourceTree = "<group>"; };
		A6268B281F6621300043C77B /* BXHCityModel.m */ = {isa = PBXFileReference; fileEncoding = 4; lastKnownFileType = sourcecode.c.objc; path = BXHCityModel.m; sourceTree = "<group>"; };
		A6268B2A1F6621400043C77B /* BXHAreaModel.h */ = {isa = PBXFileReference; fileEncoding = 4; lastKnownFileType = sourcecode.c.h; path = BXHAreaModel.h; sourceTree = "<group>"; };
		A6268B2B1F6621400043C77B /* BXHAreaModel.m */ = {isa = PBXFileReference; fileEncoding = 4; lastKnownFileType = sourcecode.c.objc; path = BXHAreaModel.m; sourceTree = "<group>"; };
		A67ECBE61FD8D367002220C5 /* BXHAreaSubModel.h */ = {isa = PBXFileReference; lastKnownFileType = sourcecode.c.h; path = BXHAreaSubModel.h; sourceTree = "<group>"; };
		A67ECBE71FD8D367002220C5 /* BXHAreaSubModel.m */ = {isa = PBXFileReference; lastKnownFileType = sourcecode.c.objc; path = BXHAreaSubModel.m; sourceTree = "<group>"; };
		A680F4081F60E04C007FC363 /* BXHJsonSerialize.app */ = {isa = PBXFileReference; explicitFileType = wrapper.application; includeInIndex = 0; path = BXHJsonSerialize.app; sourceTree = BUILT_PRODUCTS_DIR; };
		A680F40C1F60E04C007FC363 /* main.m */ = {isa = PBXFileReference; lastKnownFileType = sourcecode.c.objc; path = main.m; sourceTree = "<group>"; };
		A680F40E1F60E04C007FC363 /* AppDelegate.h */ = {isa = PBXFileReference; lastKnownFileType = sourcecode.c.h; path = AppDelegate.h; sourceTree = "<group>"; };
		A680F40F1F60E04C007FC363 /* AppDelegate.m */ = {isa = PBXFileReference; lastKnownFileType = sourcecode.c.objc; path = AppDelegate.m; sourceTree = "<group>"; };
		A680F4111F60E04C007FC363 /* ViewController.h */ = {isa = PBXFileReference; lastKnownFileType = sourcecode.c.h; path = ViewController.h; sourceTree = "<group>"; };
		A680F4121F60E04C007FC363 /* ViewController.m */ = {isa = PBXFileReference; lastKnownFileType = sourcecode.c.objc; path = ViewController.m; sourceTree = "<group>"; };
		A680F4151F60E04C007FC363 /* Base */ = {isa = PBXFileReference; lastKnownFileType = file.storyboard; name = Base; path = Base.lproj/Main.storyboard; sourceTree = "<group>"; };
		A680F4171F60E04C007FC363 /* Assets.xcassets */ = {isa = PBXFileReference; lastKnownFileType = folder.assetcatalog; path = Assets.xcassets; sourceTree = "<group>"; };
		A680F41A1F60E04C007FC363 /* Base */ = {isa = PBXFileReference; lastKnownFileType = file.storyboard; name = Base; path = Base.lproj/LaunchScreen.storyboard; sourceTree = "<group>"; };
		A680F41C1F60E04C007FC363 /* Info.plist */ = {isa = PBXFileReference; lastKnownFileType = text.plist.xml; path = Info.plist; sourceTree = "<group>"; };
		A680F4231F60E09C007FC363 /* NSObject+BXHJsonSerialize.h */ = {isa = PBXFileReference; fileEncoding = 4; lastKnownFileType = sourcecode.c.h; path = "NSObject+BXHJsonSerialize.h"; sourceTree = "<group>"; };
		A680F4241F60E09C007FC363 /* NSObject+BXHJsonSerialize.m */ = {isa = PBXFileReference; fileEncoding = 4; lastKnownFileType = sourcecode.c.objc; path = "NSObject+BXHJsonSerialize.m"; sourceTree = "<group>"; };
		A680F4291F61181A007FC363 /* BXHClassInfo.h */ = {isa = PBXFileReference; fileEncoding = 4; lastKnownFileType = sourcecode.c.h; path = BXHClassInfo.h; sourceTree = "<group>"; };
		A680F42A1F61181A007FC363 /* BXHClassInfo.m */ = {isa = PBXFileReference; fileEncoding = 4; lastKnownFileType = sourcecode.c.objc; path = BXHClassInfo.m; sourceTree = "<group>"; };
		A69531DA1F62352200932C09 /* BXHTempModel.h */ = {isa = PBXFileReference; fileEncoding = 4; lastKnownFileType = sourcecode.c.h; path = BXHTempModel.h; sourceTree = "<group>"; };
		A69531DB1F62352200932C09 /* BXHTempModel.m */ = {isa = PBXFileReference; fileEncoding = 4; lastKnownFileType = sourcecode.c.objc; path = BXHTempModel.m; sourceTree = "<group>"; };
/* End PBXFileReference section */

/* Begin PBXFrameworksBuildPhase section */
		A680F4051F60E04C007FC363 /* Frameworks */ = {
			isa = PBXFrameworksBuildPhase;
			buildActionMask = 2147483647;
			files = (
			);
			runOnlyForDeploymentPostprocessing = 0;
		};
/* End PBXFrameworksBuildPhase section */

/* Begin PBXGroup section */
		A680F3FF1F60E04C007FC363 = {
			isa = PBXGroup;
			children = (
				A680F40A1F60E04C007FC363 /* BXHJsonSerialize */,
				A680F4091F60E04C007FC363 /* Products */,
			);
			sourceTree = "<group>";
		};
		A680F4091F60E04C007FC363 /* Products */ = {
			isa = PBXGroup;
			children = (
				A680F4081F60E04C007FC363 /* BXHJsonSerialize.app */,
			);
			name = Products;
			sourceTree = "<group>";
		};
		A680F40A1F60E04C007FC363 /* BXHJsonSerialize */ = {
			isa = PBXGroup;
			children = (
				A6268B221F66210D0043C77B /* allArea.json */,
				A680F4221F60E06A007FC363 /* BXHJsonSerialize */,
				A680F40E1F60E04C007FC363 /* AppDelegate.h */,
				A680F40F1F60E04C007FC363 /* AppDelegate.m */,
				A680F4111F60E04C007FC363 /* ViewController.h */,
				A680F4121F60E04C007FC363 /* ViewController.m */,
				A680F4141F60E04C007FC363 /* Main.storyboard */,
				A680F4171F60E04C007FC363 /* Assets.xcassets */,
				A680F4191F60E04C007FC363 /* LaunchScreen.storyboard */,
				A680F41C1F60E04C007FC363 /* Info.plist */,
				A680F40B1F60E04C007FC363 /* Supporting Files */,
				A69531DA1F62352200932C09 /* BXHTempModel.h */,
				A69531DB1F62352200932C09 /* BXHTempModel.m */,
				A6268B241F6621230043C77B /* BXHProModel.h */,
				A6268B251F6621230043C77B /* BXHProModel.m */,
				A6268B271F6621300043C77B /* BXHCityModel.h */,
				A6268B281F6621300043C77B /* BXHCityModel.m */,
				A6268B2A1F6621400043C77B /* BXHAreaModel.h */,
				A6268B2B1F6621400043C77B /* BXHAreaModel.m */,
				A67ECBE61FD8D367002220C5 /* BXHAreaSubModel.h */,
				A67ECBE71FD8D367002220C5 /* BXHAreaSubModel.m */,
			);
			path = BXHJsonSerialize;
			sourceTree = "<group>";
		};
		A680F40B1F60E04C007FC363 /* Supporting Files */ = {
			isa = PBXGroup;
			children = (
				A680F40C1F60E04C007FC363 /* main.m */,
			);
			name = "Supporting Files";
			sourceTree = "<group>";
		};
		A680F4221F60E06A007FC363 /* BXHJsonSerialize */ = {
			isa = PBXGroup;
			children = (
				A680F4231F60E09C007FC363 /* NSObject+BXHJsonSerialize.h */,
				A680F4241F60E09C007FC363 /* NSObject+BXHJsonSerialize.m */,
				A680F4291F61181A007FC363 /* BXHClassInfo.h */,
				A680F42A1F61181A007FC363 /* BXHClassInfo.m */,
			);
			path = BXHJsonSerialize;
			sourceTree = "<group>";
		};
/* End PBXGroup section */

/* Begin PBXNativeTarget section */
		A680F4071F60E04C007FC363 /* BXHJsonSerialize */ = {
			isa = PBXNativeTarget;
			buildConfigurationList = A680F41F1F60E04C007FC363 /* Build configuration list for PBXNativeTarget "BXHJsonSerialize" */;
			buildPhases = (
				A680F4041F60E04C007FC363 /* Sources */,
				A680F4051F60E04C007FC363 /* Frameworks */,
				A680F4061F60E04C007FC363 /* Resources */,
			);
			buildRules = (
			);
			dependencies = (
			);
			name = BXHJsonSerialize;
			productName = BXHJsonSerialize;
			productReference = A680F4081F60E04C007FC363 /* BXHJsonSerialize.app */;
			productType = "com.apple.product-type.application";
		};
/* End PBXNativeTarget section */

/* Begin PBXProject section */
		A680F4001F60E04C007FC363 /* Project object */ = {
			isa = PBXProject;
			attributes = {
				LastUpgradeCheck = 0830;
				ORGANIZATIONNAME = "步晓虎";
				TargetAttributes = {
					A680F4071F60E04C007FC363 = {
						CreatedOnToolsVersion = 8.3.3;
						ProvisioningStyle = Automatic;
					};
				};
			};
			buildConfigurationList = A680F4031F60E04C007FC363 /* Build configuration list for PBXProject "BXHJsonSerialize" */;
			compatibilityVersion = "Xcode 3.2";
			developmentRegion = English;
			hasScannedForEncodings = 0;
			knownRegions = (
				en,
				Base,
			);
			mainGroup = A680F3FF1F60E04C007FC363;
			productRefGroup = A680F4091F60E04C007FC363 /* Products */;
			projectDirPath = "";
			projectRoot = "";
			targets = (
				A680F4071F60E04C007FC363 /* BXHJsonSerialize */,
			);
		};
/* End PBXProject section */

/* Begin PBXResourcesBuildPhase section */
		A680F4061F60E04C007FC363 /* Resources */ = {
			isa = PBXResourcesBuildPhase;
			buildActionMask = 2147483647;
			files = (
				A680F41B1F60E04C007FC363 /* LaunchScreen.storyboard in Resources */,
				A680F4181F60E04C007FC363 /* Assets.xcassets in Resources */,
				A6268B231F66210D0043C77B /* allArea.json in Resources */,
				A680F4161F60E04C007FC363 /* Main.storyboard in Resources */,
			);
			runOnlyForDeploymentPostprocessing = 0;
		};
/* End PBXResourcesBuildPhase section */

/* Begin PBXSourcesBuildPhase section */
		A680F4041F60E04C007FC363 /* Sources */ = {
			isa = PBXSourcesBuildPhase;
			buildActionMask = 2147483647;
			files = (
				A680F4131F60E04C007FC363 /* ViewController.m in Sources */,
				A680F42B1F61181A007FC363 /* BXHClassInfo.m in Sources */,
				A67ECBE81FD8D367002220C5 /* BXHAreaSubModel.m in Sources */,
				A69531DC1F62352200932C09 /* BXHTempModel.m in Sources */,
				A680F4251F60E09C007FC363 /* NSObject+BXHJsonSerialize.m in Sources */,
				A6268B261F6621230043C77B /* BXHProModel.m in Sources */,
				A6268B2C1F6621400043C77B /* BXHAreaModel.m in Sources */,
				A6268B291F6621300043C77B /* BXHCityModel.m in Sources */,
				A680F4101F60E04C007FC363 /* AppDelegate.m in Sources */,
				A680F40D1F60E04C007FC363 /* main.m in Sources */,
			);
			runOnlyForDeploymentPostprocessing = 0;
		};
/* End PBXSourcesBuildPhase section */

/* Begin PBXVariantGroup section */
		A680F4141F60E04C007FC363 /* Main.storyboard */ = {
			isa = PBXVariantGroup;
			children = (
				A680F4151F60E04C007FC363 /* Base */,
			);
			name = Main.storyboard;
			sourceTree = "<group>";
		};
		A680F4191F60E04C007FC363 /* LaunchScreen.storyboard */ = {
			isa = PBXVariantGroup;
			children = (
				A680F41A1F60E04C007FC363 /* Base */,
			);
			name = LaunchScreen.storyboard;
			sourceTree = "<group>";
		};
/* End PBXVariantGroup section */

/* Begin XCBuildConfiguration section */
		A680F41D1F60E04C007FC363 /* Debug */ = {
			isa = XCBuildConfiguration;
			buildSettings = {
				ALWAYS_SEARCH_USER_PATHS = NO;
				CLANG_ANALYZER_NONNULL = YES;
				CLANG_ANALYZER_NUMBER_OBJECT_CONVERSION = YES_AGGRESSIVE;
				CLANG_CXX_LANGUAGE_STANDARD = "gnu++0x";
				CLANG_CXX_LIBRARY = "libc++";
				CLANG_ENABLE_MODULES = YES;
				CLANG_ENABLE_OBJC_ARC = YES;
				CLANG_WARN_BOOL_CONVERSION = YES;
				CLANG_WARN_CONSTANT_CONVERSION = YES;
				CLANG_WARN_DIRECT_OBJC_ISA_USAGE = YES_ERROR;
				CLANG_WARN_DOCUMENTATION_COMMENTS = YES;
				CLANG_WARN_EMPTY_BODY = YES;
				CLANG_WARN_ENUM_CONVERSION = YES;
				CLANG_WARN_INFINITE_RECURSION = YES;
				CLANG_WARN_INT_CONVERSION = YES;
				CLANG_WARN_OBJC_ROOT_CLASS = YES_ERROR;
				CLANG_WARN_SUSPICIOUS_MOVE = YES;
				CLANG_WARN_UNREACHABLE_CODE = YES;
				CLANG_WARN__DUPLICATE_METHOD_MATCH = YES;
				"CODE_SIGN_IDENTITY[sdk=iphoneos*]" = "iPhone Developer";
				COPY_PHASE_STRIP = NO;
				DEBUG_INFORMATION_FORMAT = dwarf;
				ENABLE_STRICT_OBJC_MSGSEND = YES;
				ENABLE_TESTABILITY = YES;
				GCC_C_LANGUAGE_STANDARD = gnu99;
				GCC_DYNAMIC_NO_PIC = NO;
				GCC_NO_COMMON_BLOCKS = YES;
				GCC_OPTIMIZATION_LEVEL = 0;
				GCC_PREPROCESSOR_DEFINITIONS = (
					"DEBUG=1",
					"$(inherited)",
				);
				GCC_WARN_64_TO_32_BIT_CONVERSION = YES;
				GCC_WARN_ABOUT_RETURN_TYPE = YES_ERROR;
				GCC_WARN_UNDECLARED_SELECTOR = YES;
				GCC_WARN_UNINITIALIZED_AUTOS = YES_AGGRESSIVE;
				GCC_WARN_UNUSED_FUNCTION = YES;
				GCC_WARN_UNUSED_VARIABLE = YES;
				IPHONEOS_DEPLOYMENT_TARGET = 10.3;
				MTL_ENABLE_DEBUG_INFO = YES;
				ONLY_ACTIVE_ARCH = YES;
				SDKROOT = iphoneos;
			};
			name = Debug;
		};
		A680F41E1F60E04C007FC363 /* Release */ = {
			isa = XCBuildConfiguration;
			buildSettings = {
				ALWAYS_SEARCH_USER_PATHS = NO;
				CLANG_ANALYZER_NONNULL = YES;
				CLANG_ANALYZER_NUMBER_OBJECT_CONVERSION = YES_AGGRESSIVE;
				CLANG_CXX_LANGUAGE_STANDARD = "gnu++0x";
				CLANG_CXX_LIBRARY = "libc++";
				CLANG_ENABLE_MODULES = YES;
				CLANG_ENABLE_OBJC_ARC = YES;
				CLANG_WARN_BOOL_CONVERSION = YES;
				CLANG_WARN_CONSTANT_CONVERSION = YES;
				CLANG_WARN_DIRECT_OBJC_ISA_USAGE = YES_ERROR;
				CLANG_WARN_DOCUMENTATION_COMMENTS = YES;
				CLANG_WARN_EMPTY_BODY = YES;
				CLANG_WARN_ENUM_CONVERSION = YES;
				CLANG_WARN_INFINITE_RECURSION = YES;
				CLANG_WARN_INT_CONVERSION = YES;
				CLANG_WARN_OBJC_ROOT_CLASS = YES_ERROR;
				CLANG_WARN_SUSPICIOUS_MOVE = YES;
				CLANG_WARN_UNREACHABLE_CODE = YES;
				CLANG_WARN__DUPLICATE_METHOD_MATCH = YES;
				"CODE_SIGN_IDENTITY[sdk=iphoneos*]" = "iPhone Developer";
				COPY_PHASE_STRIP = NO;
				DEBUG_INFORMATION_FORMAT = "dwarf-with-dsym";
				ENABLE_NS_ASSERTIONS = NO;
				ENABLE_STRICT_OBJC_MSGSEND = YES;
				GCC_C_LANGUAGE_STANDARD = gnu99;
				GCC_NO_COMMON_BLOCKS = YES;
				GCC_WARN_64_TO_32_BIT_CONVERSION = YES;
				GCC_WARN_ABOUT_RETURN_TYPE = YES_ERROR;
				GCC_WARN_UNDECLARED_SELECTOR = YES;
				GCC_WARN_UNINITIALIZED_AUTOS = YES_AGGRESSIVE;
				GCC_WARN_UNUSED_FUNCTION = YES;
				GCC_WARN_UNUSED_VARIABLE = YES;
				IPHONEOS_DEPLOYMENT_TARGET = 10.3;
				MTL_ENABLE_DEBUG_INFO = NO;
				SDKROOT = iphoneos;
				VALIDATE_PRODUCT = YES;
			};
			name = Release;
		};
		A680F4201F60E04C007FC363 /* Debug */ = {
			isa = XCBuildConfiguration;
			buildSettings = {
				ASSETCATALOG_COMPILER_APPICON_NAME = AppIcon;
				INFOPLIST_FILE = BXHJsonSerialize/Info.plist;
				LD_RUNPATH_SEARCH_PATHS = "$(inherited) @executable_path/Frameworks";
				PRODUCT_BUNDLE_IDENTIFIER = Com.SZY.live.BXHJsonSerialize;
				PRODUCT_NAME = "$(TARGET_NAME)";
			};
			name = Debug;
		};
		A680F4211F60E04C007FC363 /* Release */ = {
			isa = XCBuildConfiguration;
			buildSettings = {
				ASSETCATALOG_COMPILER_APPICON_NAME = AppIcon;
				INFOPLIST_FILE = BXHJsonSerialize/Info.plist;
				LD_RUNPATH_SEARCH_PATHS = "$(inherited) @executable_path/Frameworks";
				PRODUCT_BUNDLE_IDENTIFIER = Com.SZY.live.BXHJsonSerialize;
				PRODUCT_NAME = "$(TARGET_NAME)";
			};
			name = Release;
		};
/* End XCBuildConfiguration section */

/* Begin XCConfigurationList section */
		A680F4031F60E04C007FC363 /* Build configuration list for PBXProject "BXHJsonSerialize" */ = {
			isa = XCConfigurationList;
			buildConfigurations = (
				A680F41D1F60E04C007FC363 /* Debug */,
				A680F41E1F60E04C007FC363 /* Release */,
			);
			defaultConfigurationIsVisible = 0;
			defaultConfigurationName = Release;
		};
		A680F41F1F60E04C007FC363 /* Build configuration list for PBXNativeTarget "BXHJsonSerialize" */ = {
			isa = XCConfigurationList;
			buildConfigurations = (
				A680F4201F60E04C007FC363 /* Debug */,
				A680F4211F60E04C007FC363 /* Release */,
			);
			defaultConfigurationIsVisible = 0;
			defaultConfigurationName = Release;
		};
/* End XCConfigurationList section */
	};
	rootObject = A680F4001F60E04C007FC363 /* Project object */;
}
